
Microsoft Visual Studio Solution File, Format Version 12.00
# Visual Studio Version 17
VisualStudioVersion = 17.10.35013.160
MinimumVisualStudioVersion = 10.0.40219.1
Project("{FAE04EC0-301F-11D3-BF4B-00C04F79EFBC}") = "Dictionary", "Dictionary\Dictionary.csproj", "{BCB3A1C0-2AB9-4598-893C-668FB18FE4B6}"
EndProject
Global
	GlobalSection(SolutionConfigurationPlatforms) = preSolution
		Debug|Any CPU = Debug|Any CPU
		Release|Any CPU = Release|Any CPU
	EndGlobalSection
	GlobalSection(ProjectConfigurationPlatforms) = postSolution
		{BCB3A1C0-2AB9-4598-893C-668FB18FE4B6}.Debug|Any CPU.ActiveCfg = Debug|Any CPU
		{BCB3A1C0-2AB9-4598-893C-668FB18FE4B6}.Debug|Any CPU.Build.0 = Debug|Any CPU
		{BCB3A1C0-2AB9-4598-893C-668FB18FE4B6}.Release|Any CPU.ActiveCfg = Release|Any CPU
		{BCB3A1C0-2AB9-4598-893C-668FB18FE4B6}.Release|Any CPU.Build.0 = Release|Any CPU
	EndGlobalSection
	GlobalSection(SolutionProperties) = preSolution
		HideSolutionNode = FALSE
	EndGlobalSection
	GlobalSection(ExtensibilityGlobals) = postSolution
		SolutionGuid = {5589C18C-2D37-4388-9124-0F1B288E137D}
	EndGlobalSection
EndGlobal
